
Microsoft Visual Studio Solution File, Format Version 12.00
# Visual Studio 15
VisualStudioVersion = 15.0.28307.271
MinimumVisualStudioVersion = 10.0.40219.1
Project("{9A19103F-16F7-4668-BE54-9A1E7A4F7556}") = "XBase.API.FAO", "XBase.API.FAO\XBase.API.FAO.csproj", "{A131F6AD-E895-498B-A068-EBAAD2C5E77A}"
EndProject
Project("{9A19103F-16F7-4668-BE54-9A1E7A4F7556}") = "XBase.API.FAO.Test", "XBase.API.FAO.Test\XBase.API.FAO.Test.csproj", "{C10FA983-8CE7-4D0E-8343-17448EC8B017}"
EndProject
Global
	GlobalSection(SolutionConfigurationPlatforms) = preSolution
		Debug|Any CPU = Debug|Any CPU
		Release|Any CPU = Release|Any CPU
	EndGlobalSection
	GlobalSection(ProjectConfigurationPlatforms) = postSolution
		{A131F6AD-E895-498B-A068-EBAAD2C5E77A}.Debug|Any CPU.ActiveCfg = Debug|Any CPU
		{A131F6AD-E895-498B-A068-EBAAD2C5E77A}.Debug|Any CPU.Build.0 = Debug|Any CPU
		{A131F6AD-E895-498B-A068-EBAAD2C5E77A}.Release|Any CPU.ActiveCfg = Release|Any CPU
		{A131F6AD-E895-498B-A068-EBAAD2C5E77A}.Release|Any CPU.Build.0 = Release|Any CPU
		{C10FA983-8CE7-4D0E-8343-17448EC8B017}.Debug|Any CPU.ActiveCfg = Debug|Any CPU
		{C10FA983-8CE7-4D0E-8343-17448EC8B017}.Debug|Any CPU.Build.0 = Debug|Any CPU
		{C10FA983-8CE7-4D0E-8343-17448EC8B017}.Release|Any CPU.ActiveCfg = Release|Any CPU
		{C10FA983-8CE7-4D0E-8343-17448EC8B017}.Release|Any CPU.Build.0 = Release|Any CPU
	EndGlobalSection
	GlobalSection(SolutionProperties) = preSolution
		HideSolutionNode = FALSE
	EndGlobalSection
	GlobalSection(ExtensibilityGlobals) = postSolution
		SolutionGuid = {09D3017E-A36D-40EF-925D-098C0A93E1AC}
	EndGlobalSection
EndGlobal
